
Microsoft Visual Studio Solution File, Format Version 12.00
# Visual Studio Version 16
VisualStudioVersion = 16.0.30309.148
MinimumVisualStudioVersion = 10.0.40219.1
Project("{FAE04EC0-301F-11D3-BF4B-00C04F79EFBC}") = "TyporaToAnki", "TyporaToAnki\TyporaToAnki.csproj", "{1DA82B6E-4ACB-42EA-B502-0280169EB98A}"
EndProject
Global
	GlobalSection(SolutionConfigurationPlatforms) = preSolution
		Debug|Any CPU = Debug|Any CPU
		Release|Any CPU = Release|Any CPU
	EndGlobalSection
	GlobalSection(ProjectConfigurationPlatforms) = postSolution
		{1DA82B6E-4ACB-42EA-B502-0280169EB98A}.Debug|Any CPU.ActiveCfg = Debug|Any CPU
		{1DA82B6E-4ACB-42EA-B502-0280169EB98A}.Debug|Any CPU.Build.0 = Debug|Any CPU
		{1DA82B6E-4ACB-42EA-B502-0280169EB98A}.Release|Any CPU.ActiveCfg = Release|Any CPU
		{1DA82B6E-4ACB-42EA-B502-0280169EB98A}.Release|Any CPU.Build.0 = Release|Any CPU
	EndGlobalSection
	GlobalSection(SolutionProperties) = preSolution
		HideSolutionNode = FALSE
	EndGlobalSection
	GlobalSection(ExtensibilityGlobals) = postSolution
		SolutionGuid = {E45B0731-64C0-442C-B27F-F120F356FD88}
	EndGlobalSection
EndGlobal
